
Microsoft Visual Studio Solution File, Format Version 12.00
# Visual Studio Version 16
VisualStudioVersion = 16.0.31424.327
MinimumVisualStudioVersion = 10.0.40219.1
Project("{FAE04EC0-301F-11D3-BF4B-00C04F79EFBC}") = "4GLCuadroDeMandoRevisionDeAjustesGarum", "4GLCuadroDeMandoRevisionDeAjustesGarum.csproj", "{FE03AFFF-C45E-431B-949D-4691CCAAAA7C}"
EndProject
Global
	GlobalSection(SolutionConfigurationPlatforms) = preSolution
		Debug|Any CPU = Debug|Any CPU
		Release|Any CPU = Release|Any CPU
	EndGlobalSection
	GlobalSection(ProjectConfigurationPlatforms) = postSolution
		{FE03AFFF-C45E-431B-949D-4691CCAAAA7C}.Debug|Any CPU.ActiveCfg = Debug|Any CPU
		{FE03AFFF-C45E-431B-949D-4691CCAAAA7C}.Debug|Any CPU.Build.0 = Debug|Any CPU
		{FE03AFFF-C45E-431B-949D-4691CCAAAA7C}.Release|Any CPU.ActiveCfg = Release|Any CPU
		{FE03AFFF-C45E-431B-949D-4691CCAAAA7C}.Release|Any CPU.Build.0 = Release|Any CPU
	EndGlobalSection
	GlobalSection(SolutionProperties) = preSolution
		HideSolutionNode = FALSE
	EndGlobalSection
	GlobalSection(ExtensibilityGlobals) = postSolution
		SolutionGuid = {FDB2D3D6-BD6B-4277-A201-FE2AD98F778E}
	EndGlobalSection
EndGlobal
